
Microsoft Visual Studio Solution File, Format Version 12.00
# Visual Studio Version 17
VisualStudioVersion = 17.6.33723.286
MinimumVisualStudioVersion = 10.0.40219.1
Project("{FAE04EC0-301F-11D3-BF4B-00C04F79EFBC}") = "Lifx_Lan", "Lifx_Lan\Lifx_Lan.csproj", "{705E71E3-56A4-401B-B38D-7DC8A170D51D}"
EndProject
Global
	GlobalSection(SolutionConfigurationPlatforms) = preSolution
		Debug|Any CPU = Debug|Any CPU
		Release|Any CPU = Release|Any CPU
	EndGlobalSection
	GlobalSection(ProjectConfigurationPlatforms) = postSolution
		{705E71E3-56A4-401B-B38D-7DC8A170D51D}.Debug|Any CPU.ActiveCfg = Debug|Any CPU
		{705E71E3-56A4-401B-B38D-7DC8A170D51D}.Debug|Any CPU.Build.0 = Debug|Any CPU
		{705E71E3-56A4-401B-B38D-7DC8A170D51D}.Release|Any CPU.ActiveCfg = Release|Any CPU
		{705E71E3-56A4-401B-B38D-7DC8A170D51D}.Release|Any CPU.Build.0 = Release|Any CPU
	EndGlobalSection
	GlobalSection(SolutionProperties) = preSolution
		HideSolutionNode = FALSE
	EndGlobalSection
	GlobalSection(ExtensibilityGlobals) = postSolution
		SolutionGuid = {C6A0ABEB-252F-4E5D-8E2C-182AA72C7462}
	EndGlobalSection
EndGlobal
